
Microsoft Visual Studio Solution File, Format Version 12.00
# Visual Studio Version 17
VisualStudioVersion = 17.13.35825.156
MinimumVisualStudioVersion = 10.0.40219.1
Project("{FAE04EC0-301F-11D3-BF4B-00C04F79EFBC}") = "epht-admin-portal", "epht-admin-portal.csproj", "{8EEFF45D-CE7A-4F34-A90C-A4AE06D2F03D}"
EndProject
Global
	GlobalSection(SolutionConfigurationPlatforms) = preSolution
		Debug|Any CPU = Debug|Any CPU
		Release|Any CPU = Release|Any CPU
	EndGlobalSection
	GlobalSection(ProjectConfigurationPlatforms) = postSolution
		{8EEFF45D-CE7A-4F34-A90C-A4AE06D2F03D}.Debug|Any CPU.ActiveCfg = Debug|Any CPU
		{8EEFF45D-CE7A-4F34-A90C-A4AE06D2F03D}.Debug|Any CPU.Build.0 = Debug|Any CPU
		{8EEFF45D-CE7A-4F34-A90C-A4AE06D2F03D}.Release|Any CPU.ActiveCfg = Release|Any CPU
		{8EEFF45D-CE7A-4F34-A90C-A4AE06D2F03D}.Release|Any CPU.Build.0 = Release|Any CPU
	EndGlobalSection
	GlobalSection(SolutionProperties) = preSolution
		HideSolutionNode = FALSE
	EndGlobalSection
	GlobalSection(ExtensibilityGlobals) = postSolution
		SolutionGuid = {2953EB90-E8E9-4901-9F70-E6CCE821F7F5}
	EndGlobalSection
EndGlobal
